
Microsoft Visual Studio Solution File, Format Version 12.00
# Visual Studio Version 17
VisualStudioVersion = 17.10.34928.147
MinimumVisualStudioVersion = 10.0.40219.1
Project("{FAE04EC0-301F-11D3-BF4B-00C04F79EFBC}") = "Task_1", "Task_1\Task_1.csproj", "{827A37F7-F352-4009-98F7-3011C191A693}"
EndProject
Global
	GlobalSection(SolutionConfigurationPlatforms) = preSolution
		Debug|Any CPU = Debug|Any CPU
		Release|Any CPU = Release|Any CPU
	EndGlobalSection
	GlobalSection(ProjectConfigurationPlatforms) = postSolution
		{827A37F7-F352-4009-98F7-3011C191A693}.Debug|Any CPU.ActiveCfg = Debug|Any CPU
		{827A37F7-F352-4009-98F7-3011C191A693}.Debug|Any CPU.Build.0 = Debug|Any CPU
		{827A37F7-F352-4009-98F7-3011C191A693}.Release|Any CPU.ActiveCfg = Release|Any CPU
		{827A37F7-F352-4009-98F7-3011C191A693}.Release|Any CPU.Build.0 = Release|Any CPU
	EndGlobalSection
	GlobalSection(SolutionProperties) = preSolution
		HideSolutionNode = FALSE
	EndGlobalSection
	GlobalSection(ExtensibilityGlobals) = postSolution
		SolutionGuid = {1246EC88-2584-422C-ACA2-8048AABC82DF}
	EndGlobalSection
EndGlobal
